{
  "version": 2,
  "dependencies": {
    "net10.0": {
      "FirebirdSql.Data.FirebirdClient": {
        "type": "Direct",
        "requested": "[10.*, )",
        "resolved": "10.3.4",
        "contentHash": "lmaY+XQvnhPl1YRrY+lzTZPD88YDbllelN5RhFMrzinqSmjWpWZRE0A4AI1L2mPBNAI346Q8MHAvnJjDPd7VnQ=="
      },
      "StyleCop.Analyzers": {
        "type": "Direct",
        "requested": "[1.2.0-beta.556, )",
        "resolved": "1.2.0-beta.556",
        "contentHash": "llRPgmA1fhC0I0QyFLEcjvtM2239QzKr/tcnbsjArLMJxJlu0AA5G7Fft0OI30pHF3MW63Gf4aSSsjc5m82J1Q==",
        "dependencies": {
          "StyleCop.Analyzers.Unstable": "1.2.0.556"
        }
      },
      "System.Configuration.ConfigurationManager": {
        "type": "Direct",
        "requested": "[10.*, )",
        "resolved": "10.0.10",
        "contentHash": "64jtHt9yLYi6VHMF5AwDj6BGM/MZrygv55SXl0MOIkFsFjGwRuxV3/QgEm7NTp3TQIx+YNX4S6dNpY08fJ3+3g==",
        "dependencies": {
          "System.Diagnostics.EventLog": "10.0.10",
          "System.Security.Cryptography.ProtectedData": "10.0.10"
        }
      },
      "Antlr3.Runtime": {
        "type": "Transitive",
        "resolved": "3.5.1",
        "contentHash": "ZwCEpLCLZXkjzf1lYEixp9hgVlYYk33ACHn6xjFyVhGRi2BpoYQez0qtatbetdylASWYTG+cGz0CGR4z66JM4w==",
        "dependencies": {
          "NETStandard.Library": "1.6.0"
        }
      },
      "Iesi.Collections": {
        "type": "Transitive",
        "resolved": "4.1.1",
        "contentHash": "VBrZi6gKjArcyOqrKoZODtd4V9rGqyxkUTwO9Hg/8+idhe/A391X9nRXuESewb7kfCNo5jRwFKLSjrY0j+0PkA=="
      },
      "Microsoft.NETCore.Platforms": {
        "type": "Transitive",
        "resolved": "1.0.1",
        "contentHash": "2G6OjjJzwBfNOO8myRV/nFrbTw5iA+DEm0N+qUqhrOmaVtn4pC77h38I1jsXGw5VH55+dPfQsqHD0We9sCl9FQ=="
      },
      "NETStandard.Library": {
        "type": "Transitive",
        "resolved": "1.6.0",
        "contentHash": "ypsCvIdCZ4IoYASJHt6tF2fMo7N30NLgV1EbmC+snO490OMl9FvVxmumw14rhReWU3j3g7BYudG6YCrchwHJlA==",
        "dependencies": {
          "Microsoft.NETCore.Platforms": "1.0.1"
        }
      },
      "Remotion.Linq": {
        "type": "Transitive",
        "resolved": "2.2.0",
        "contentHash": "fK/76UmpC0FXBlGDFVPLJHQlDLYnGC+XY3eoDgCgbtrhi0vzbXDQ3n/IYHhqSKqXQfGw/u04A1drWs7rFVkRjw=="
      },
      "Remotion.Linq.EagerFetching": {
        "type": "Transitive",
        "resolved": "2.2.0",
        "contentHash": "d6bkH5kROJPFsdvDy4yQved9I4ickamytPByPyuQcH9dk1ef4jciajo50vTQhheyOHeWOgLh97UvkiHV8QSgeQ==",
        "dependencies": {
          "Remotion.Linq": "2.2.0"
        }
      },
      "StyleCop.Analyzers.Unstable": {
        "type": "Transitive",
        "resolved": "1.2.0.556",
        "contentHash": "zvn9Mqs/ox/83cpYPignI8hJEM2A93s2HkHs8HYMOAQW0PkampyoErAiIyKxgTLqbbad29HX/shv/6LGSjPJNQ=="
      },
      "System.Diagnostics.EventLog": {
        "type": "Transitive",
        "resolved": "10.0.10",
        "contentHash": "OvGz3PrzuAI/Sj7LTcXcCe3FClRI1IyRMZjNONcZtFh+Ww7nAtSh4kh08r8KVe/xxkXJPjR0Y1jF7H+N42d4xQ=="
      },
      "System.Security.Cryptography.ProtectedData": {
        "type": "Transitive",
        "resolved": "10.0.10",
        "contentHash": "BKt0SQgq2lq3ESE68jkeLwv95ypANrPDtkTOIFGcnhg2aRUeUUBDrQlkVDZctrg1WenVcvn5P5XZnuYI7q6rFQ=="
      },
      "ppwcode.vernacular.nhibernate.iv": {
        "type": "Project",
        "dependencies": {
          "Microsoft.Extensions.Logging.Abstractions": "[10.*, )",
          "NHibernate": "[5.*, )",
          "PPWCode.Vernacular.Contracts.I": "[1.*, )",
          "PPWCode.Vernacular.Exceptions.V": "[1.*, )",
          "PPWCode.Vernacular.Persistence.V": "[1.*, )",
          "PPWCode.Vernacular.Semantics.V": "[1.*, )",
          "System.Configuration.ConfigurationManager": "[10.*, )"
        }
      },
      "Microsoft.Extensions.DependencyInjection.Abstractions": {
        "type": "CentralTransitive",
        "requested": "[10.*, )",
        "resolved": "10.0.10",
        "contentHash": "z/2xXlFw2aLGjHyEm6E0tQ+In6VfzQzTrtArbQ2c0TQE16ZbyDCMGPvaUT9I0s8rgy9sRWlU2P9waW37qV04qA=="
      },
      "Microsoft.Extensions.Logging.Abstractions": {
        "type": "CentralTransitive",
        "requested": "[10.*, )",
        "resolved": "10.0.10",
        "contentHash": "zkFxGYUvdxAvIKTyXHrmW+Sux53D4SezD9dMyZ6hrwwzPQJNuwCRy1f5W7AvYTqacEGhWF2XderRQG1OvbV8og==",
        "dependencies": {
          "Microsoft.Extensions.DependencyInjection.Abstractions": "10.0.10"
        }
      },
      "NHibernate": {
        "type": "CentralTransitive",
        "requested": "[5.*, )",
        "resolved": "5.7.0",
        "contentHash": "1F+hr6k6Ox2Im8rylpEczLBNcXyB5AD4EgQbScGwKMboikmT0KPzrPP6q/h3bceHKpM+8MQTKVz3DslP89Hr7Q==",
        "dependencies": {
          "Antlr3.Runtime": "[3.5.1, 4.0.0)",
          "Iesi.Collections": "4.1.1",
          "Remotion.Linq": "[2.2.0, 3.0.0)",
          "Remotion.Linq.EagerFetching": "[2.2.0, 3.0.0)",
          "System.Configuration.ConfigurationManager": "10.0.0"
        }
      },
      "PPWCode.Vernacular.Contracts.I": {
        "type": "CentralTransitive",
        "requested": "[1.*, )",
        "resolved": "1.5.0",
        "contentHash": "Hv7hjZ+RXEnVkAZEdwlAW5QbT0Hvh+pCusaiQT5bRD93Z58OuMHH6Q48TizzufF6+DRm9rJdnufIcOWWvKLKaw=="
      },
      "PPWCode.Vernacular.Exceptions.V": {
        "type": "CentralTransitive",
        "requested": "[1.*, )",
        "resolved": "1.2.1",
        "contentHash": "ZX/n8ORY7c0SB7xHHOC4ZOd4JmB6SuRi1pRzb7k1LRTG4OUE6iZvFVchYz0OHePOFHEAi1wL+f70/Eukq8Q73g=="
      },
      "PPWCode.Vernacular.Persistence.V": {
        "type": "CentralTransitive",
        "requested": "[1.*, )",
        "resolved": "1.2.1",
        "contentHash": "5b9iH0a2Hb72CPaLNWQsFm4XC+DrVxTckgjP4kqIqZPk1KQYz8GT9pM+jPejGfA7rAHjYCHIJU3V9XACqWjuPQ==",
        "dependencies": {
          "PPWCode.Vernacular.Contracts.I": "1.5.0",
          "PPWCode.Vernacular.Exceptions.V": "1.2.0",
          "PPWCode.Vernacular.Semantics.V": "1.1.0"
        }
      },
      "PPWCode.Vernacular.Semantics.V": {
        "type": "CentralTransitive",
        "requested": "[1.*, )",
        "resolved": "1.1.1",
        "contentHash": "1UtMragfh5ctfGHM0widcKsp67CxVT435GRNJTBml6XUsaWt4usaG9PygUX2mqfkv8YQnsNwI19QFAvaDwdr8A==",
        "dependencies": {
          "PPWCode.Vernacular.Contracts.I": "1.5.0",
          "PPWCode.Vernacular.Exceptions.V": "1.2.0"
        }
      }
    },
    "net8.0": {
      "FirebirdSql.Data.FirebirdClient": {
        "type": "Direct",
        "requested": "[10.*, )",
        "resolved": "10.3.4",
        "contentHash": "lmaY+XQvnhPl1YRrY+lzTZPD88YDbllelN5RhFMrzinqSmjWpWZRE0A4AI1L2mPBNAI346Q8MHAvnJjDPd7VnQ=="
      },
      "StyleCop.Analyzers": {
        "type": "Direct",
        "requested": "[1.2.0-beta.556, )",
        "resolved": "1.2.0-beta.556",
        "contentHash": "llRPgmA1fhC0I0QyFLEcjvtM2239QzKr/tcnbsjArLMJxJlu0AA5G7Fft0OI30pHF3MW63Gf4aSSsjc5m82J1Q==",
        "dependencies": {
          "StyleCop.Analyzers.Unstable": "1.2.0.556"
        }
      },
      "System.Configuration.ConfigurationManager": {
        "type": "Direct",
        "requested": "[8.*, )",
        "resolved": "8.0.1",
        "contentHash": "gPYFPDyohW2gXNhdQRSjtmeS6FymL2crg4Sral1wtvEJ7DUqFCDWDVbbLobASbzxfic8U1hQEdC7hmg9LHncMw==",
        "dependencies": {
          "System.Diagnostics.EventLog": "8.0.1",
          "System.Security.Cryptography.ProtectedData": "8.0.0"
        }
      },
      "Antlr3.Runtime": {
        "type": "Transitive",
        "resolved": "3.5.1",
        "contentHash": "ZwCEpLCLZXkjzf1lYEixp9hgVlYYk33ACHn6xjFyVhGRi2BpoYQez0qtatbetdylASWYTG+cGz0CGR4z66JM4w==",
        "dependencies": {
          "NETStandard.Library": "1.6.0"
        }
      },
      "Iesi.Collections": {
        "type": "Transitive",
        "resolved": "4.1.1",
        "contentHash": "VBrZi6gKjArcyOqrKoZODtd4V9rGqyxkUTwO9Hg/8+idhe/A391X9nRXuESewb7kfCNo5jRwFKLSjrY0j+0PkA=="
      },
      "Microsoft.NETCore.Platforms": {
        "type": "Transitive",
        "resolved": "1.0.1",
        "contentHash": "2G6OjjJzwBfNOO8myRV/nFrbTw5iA+DEm0N+qUqhrOmaVtn4pC77h38I1jsXGw5VH55+dPfQsqHD0We9sCl9FQ=="
      },
      "NETStandard.Library": {
        "type": "Transitive",
        "resolved": "1.6.0",
        "contentHash": "ypsCvIdCZ4IoYASJHt6tF2fMo7N30NLgV1EbmC+snO490OMl9FvVxmumw14rhReWU3j3g7BYudG6YCrchwHJlA==",
        "dependencies": {
          "Microsoft.NETCore.Platforms": "1.0.1"
        }
      },
      "Remotion.Linq": {
        "type": "Transitive",
        "resolved": "2.2.0",
        "contentHash": "fK/76UmpC0FXBlGDFVPLJHQlDLYnGC+XY3eoDgCgbtrhi0vzbXDQ3n/IYHhqSKqXQfGw/u04A1drWs7rFVkRjw=="
      },
      "Remotion.Linq.EagerFetching": {
        "type": "Transitive",
        "resolved": "2.2.0",
        "contentHash": "d6bkH5kROJPFsdvDy4yQved9I4ickamytPByPyuQcH9dk1ef4jciajo50vTQhheyOHeWOgLh97UvkiHV8QSgeQ==",
        "dependencies": {
          "Remotion.Linq": "2.2.0"
        }
      },
      "StyleCop.Analyzers.Unstable": {
        "type": "Transitive",
        "resolved": "1.2.0.556",
        "contentHash": "zvn9Mqs/ox/83cpYPignI8hJEM2A93s2HkHs8HYMOAQW0PkampyoErAiIyKxgTLqbbad29HX/shv/6LGSjPJNQ=="
      },
      "System.Diagnostics.EventLog": {
        "type": "Transitive",
        "resolved": "8.0.1",
        "contentHash": "n1ZP7NM2Gkn/MgD8+eOT5MulMj6wfeQMNS2Pizvq5GHCZfjlFMXV2irQlQmJhwA2VABC57M0auudO89Iu2uRLg=="
      },
      "System.Security.Cryptography.ProtectedData": {
        "type": "Transitive",
        "resolved": "8.0.0",
        "contentHash": "+TUFINV2q2ifyXauQXRwy4CiBhqvDEDZeVJU7qfxya4aRYOKzVBpN+4acx25VcPB9ywUN6C0n8drWl110PhZEg=="
      },
      "ppwcode.vernacular.nhibernate.iv": {
        "type": "Project",
        "dependencies": {
          "Microsoft.Extensions.Logging.Abstractions": "[8.*, )",
          "NHibernate": "[5.*, )",
          "PPWCode.Vernacular.Contracts.I": "[1.*, )",
          "PPWCode.Vernacular.Exceptions.V": "[1.*, )",
          "PPWCode.Vernacular.Persistence.V": "[1.*, )",
          "PPWCode.Vernacular.Semantics.V": "[1.*, )",
          "System.Configuration.ConfigurationManager": "[8.*, )"
        }
      },
      "Microsoft.Extensions.DependencyInjection.Abstractions": {
        "type": "CentralTransitive",
        "requested": "[8.*, )",
        "resolved": "8.0.2",
        "contentHash": "3iE7UF7MQkCv1cxzCahz+Y/guQbTqieyxyaWKhrRO91itI9cOKO76OHeQDahqG4MmW5umr3CcCvGmK92lWNlbg=="
      },
      "Microsoft.Extensions.Logging.Abstractions": {
        "type": "CentralTransitive",
        "requested": "[8.*, )",
        "resolved": "8.0.3",
        "contentHash": "dL0QGToTxggRLMYY4ZYX5AMwBb+byQBd/5dMiZE07Nv73o6I5Are3C7eQTh7K2+A4ct0PVISSr7TZANbiNb2yQ==",
        "dependencies": {
          "Microsoft.Extensions.DependencyInjection.Abstractions": "8.0.2"
        }
      },
      "NHibernate": {
        "type": "CentralTransitive",
        "requested": "[5.*, )",
        "resolved": "5.7.0",
        "contentHash": "1F+hr6k6Ox2Im8rylpEczLBNcXyB5AD4EgQbScGwKMboikmT0KPzrPP6q/h3bceHKpM+8MQTKVz3DslP89Hr7Q==",
        "dependencies": {
          "Antlr3.Runtime": "[3.5.1, 4.0.0)",
          "Iesi.Collections": "4.1.1",
          "Remotion.Linq": "[2.2.0, 3.0.0)",
          "Remotion.Linq.EagerFetching": "[2.2.0, 3.0.0)",
          "System.Configuration.ConfigurationManager": "8.0.0"
        }
      },
      "PPWCode.Vernacular.Contracts.I": {
        "type": "CentralTransitive",
        "requested": "[1.*, )",
        "resolved": "1.5.0",
        "contentHash": "Hv7hjZ+RXEnVkAZEdwlAW5QbT0Hvh+pCusaiQT5bRD93Z58OuMHH6Q48TizzufF6+DRm9rJdnufIcOWWvKLKaw=="
      },
      "PPWCode.Vernacular.Exceptions.V": {
        "type": "CentralTransitive",
        "requested": "[1.*, )",
        "resolved": "1.2.1",
        "contentHash": "ZX/n8ORY7c0SB7xHHOC4ZOd4JmB6SuRi1pRzb7k1LRTG4OUE6iZvFVchYz0OHePOFHEAi1wL+f70/Eukq8Q73g=="
      },
      "PPWCode.Vernacular.Persistence.V": {
        "type": "CentralTransitive",
        "requested": "[1.*, )",
        "resolved": "1.2.1",
        "contentHash": "5b9iH0a2Hb72CPaLNWQsFm4XC+DrVxTckgjP4kqIqZPk1KQYz8GT9pM+jPejGfA7rAHjYCHIJU3V9XACqWjuPQ==",
        "dependencies": {
          "PPWCode.Vernacular.Contracts.I": "1.5.0",
          "PPWCode.Vernacular.Exceptions.V": "1.2.0",
          "PPWCode.Vernacular.Semantics.V": "1.1.0"
        }
      },
      "PPWCode.Vernacular.Semantics.V": {
        "type": "CentralTransitive",
        "requested": "[1.*, )",
        "resolved": "1.1.1",
        "contentHash": "1UtMragfh5ctfGHM0widcKsp67CxVT435GRNJTBml6XUsaWt4usaG9PygUX2mqfkv8YQnsNwI19QFAvaDwdr8A==",
        "dependencies": {
          "PPWCode.Vernacular.Contracts.I": "1.5.0",
          "PPWCode.Vernacular.Exceptions.V": "1.2.0"
        }
      }
    },
    "net9.0": {
      "FirebirdSql.Data.FirebirdClient": {
        "type": "Direct",
        "requested": "[10.*, )",
        "resolved": "10.3.4",
        "contentHash": "lmaY+XQvnhPl1YRrY+lzTZPD88YDbllelN5RhFMrzinqSmjWpWZRE0A4AI1L2mPBNAI346Q8MHAvnJjDPd7VnQ=="
      },
      "StyleCop.Analyzers": {
        "type": "Direct",
        "requested": "[1.2.0-beta.556, )",
        "resolved": "1.2.0-beta.556",
        "contentHash": "llRPgmA1fhC0I0QyFLEcjvtM2239QzKr/tcnbsjArLMJxJlu0AA5G7Fft0OI30pHF3MW63Gf4aSSsjc5m82J1Q==",
        "dependencies": {
          "StyleCop.Analyzers.Unstable": "1.2.0.556"
        }
      },
      "System.Configuration.ConfigurationManager": {
        "type": "Direct",
        "requested": "[9.*, )",
        "resolved": "9.0.18",
        "contentHash": "/1q0MHB2xKyTFRC5tk+oL3Ahi+QK0UPI6Qk6Xc5z5BW6otR2T9wwWmEW/LZX98cq7UOmu+7sZ5HNwuq61zrNtg==",
        "dependencies": {
          "System.Diagnostics.EventLog": "9.0.18",
          "System.Security.Cryptography.ProtectedData": "9.0.18"
        }
      },
      "Antlr3.Runtime": {
        "type": "Transitive",
        "resolved": "3.5.1",
        "contentHash": "ZwCEpLCLZXkjzf1lYEixp9hgVlYYk33ACHn6xjFyVhGRi2BpoYQez0qtatbetdylASWYTG+cGz0CGR4z66JM4w==",
        "dependencies": {
          "NETStandard.Library": "1.6.0"
        }
      },
      "Iesi.Collections": {
        "type": "Transitive",
        "resolved": "4.1.1",
        "contentHash": "VBrZi6gKjArcyOqrKoZODtd4V9rGqyxkUTwO9Hg/8+idhe/A391X9nRXuESewb7kfCNo5jRwFKLSjrY0j+0PkA=="
      },
      "Microsoft.NETCore.Platforms": {
        "type": "Transitive",
        "resolved": "1.0.1",
        "contentHash": "2G6OjjJzwBfNOO8myRV/nFrbTw5iA+DEm0N+qUqhrOmaVtn4pC77h38I1jsXGw5VH55+dPfQsqHD0We9sCl9FQ=="
      },
      "NETStandard.Library": {
        "type": "Transitive",
        "resolved": "1.6.0",
        "contentHash": "ypsCvIdCZ4IoYASJHt6tF2fMo7N30NLgV1EbmC+snO490OMl9FvVxmumw14rhReWU3j3g7BYudG6YCrchwHJlA==",
        "dependencies": {
          "Microsoft.NETCore.Platforms": "1.0.1"
        }
      },
      "Remotion.Linq": {
        "type": "Transitive",
        "resolved": "2.2.0",
        "contentHash": "fK/76UmpC0FXBlGDFVPLJHQlDLYnGC+XY3eoDgCgbtrhi0vzbXDQ3n/IYHhqSKqXQfGw/u04A1drWs7rFVkRjw=="
      },
      "Remotion.Linq.EagerFetching": {
        "type": "Transitive",
        "resolved": "2.2.0",
        "contentHash": "d6bkH5kROJPFsdvDy4yQved9I4ickamytPByPyuQcH9dk1ef4jciajo50vTQhheyOHeWOgLh97UvkiHV8QSgeQ==",
        "dependencies": {
          "Remotion.Linq": "2.2.0"
        }
      },
      "StyleCop.Analyzers.Unstable": {
        "type": "Transitive",
        "resolved": "1.2.0.556",
        "contentHash": "zvn9Mqs/ox/83cpYPignI8hJEM2A93s2HkHs8HYMOAQW0PkampyoErAiIyKxgTLqbbad29HX/shv/6LGSjPJNQ=="
      },
      "System.Diagnostics.EventLog": {
        "type": "Transitive",
        "resolved": "9.0.18",
        "contentHash": "4f3CBS22A2Y+M+shvdYzeWaEPYycZ3IaouaH+NxGLW6xoFahR1+L+YM8bt8NI3TQRZbqPBp/myt+6+JXc+IhRg=="
      },
      "System.Security.Cryptography.ProtectedData": {
        "type": "Transitive",
        "resolved": "9.0.18",
        "contentHash": "1/iz9Eex1TBMYdAk+m3igaMvL+nk+rY1EqL6u93an/j1ghxmB24vGOKXkVFy3NSPA39s1H/+SNoK257tHoXoLA=="
      },
      "ppwcode.vernacular.nhibernate.iv": {
        "type": "Project",
        "dependencies": {
          "Microsoft.Extensions.Logging.Abstractions": "[9.*, )",
          "NHibernate": "[5.*, )",
          "PPWCode.Vernacular.Contracts.I": "[1.*, )",
          "PPWCode.Vernacular.Exceptions.V": "[1.*, )",
          "PPWCode.Vernacular.Persistence.V": "[1.*, )",
          "PPWCode.Vernacular.Semantics.V": "[1.*, )",
          "System.Configuration.ConfigurationManager": "[9.*, )"
        }
      },
      "Microsoft.Extensions.DependencyInjection.Abstractions": {
        "type": "CentralTransitive",
        "requested": "[9.*, )",
        "resolved": "9.0.18",
        "contentHash": "eSUdaLUP+pj1J7SpCsUYQP6dNk0w9g0KGu4ovPYBnlfqomW1u+1fF8ZIjMVuHY6Z3p30yL0SxND9JTS6i3NolQ=="
      },
      "Microsoft.Extensions.Logging.Abstractions": {
        "type": "CentralTransitive",
        "requested": "[9.*, )",
        "resolved": "9.0.18",
        "contentHash": "uzNHNdNZJTHACwFkWclx8s5GXLjGacJj4QwBQZ/6BeixTJjlHmNESIK738iPFLPkO8jWsENLUcUW/kAPe0b8ew==",
        "dependencies": {
          "Microsoft.Extensions.DependencyInjection.Abstractions": "9.0.18"
        }
      },
      "NHibernate": {
        "type": "CentralTransitive",
        "requested": "[5.*, )",
        "resolved": "5.7.0",
        "contentHash": "1F+hr6k6Ox2Im8rylpEczLBNcXyB5AD4EgQbScGwKMboikmT0KPzrPP6q/h3bceHKpM+8MQTKVz3DslP89Hr7Q==",
        "dependencies": {
          "Antlr3.Runtime": "[3.5.1, 4.0.0)",
          "Iesi.Collections": "4.1.1",
          "Remotion.Linq": "[2.2.0, 3.0.0)",
          "Remotion.Linq.EagerFetching": "[2.2.0, 3.0.0)",
          "System.Configuration.ConfigurationManager": "8.0.0"
        }
      },
      "PPWCode.Vernacular.Contracts.I": {
        "type": "CentralTransitive",
        "requested": "[1.*, )",
        "resolved": "1.5.0",
        "contentHash": "Hv7hjZ+RXEnVkAZEdwlAW5QbT0Hvh+pCusaiQT5bRD93Z58OuMHH6Q48TizzufF6+DRm9rJdnufIcOWWvKLKaw=="
      },
      "PPWCode.Vernacular.Exceptions.V": {
        "type": "CentralTransitive",
        "requested": "[1.*, )",
        "resolved": "1.2.1",
        "contentHash": "ZX/n8ORY7c0SB7xHHOC4ZOd4JmB6SuRi1pRzb7k1LRTG4OUE6iZvFVchYz0OHePOFHEAi1wL+f70/Eukq8Q73g=="
      },
      "PPWCode.Vernacular.Persistence.V": {
        "type": "CentralTransitive",
        "requested": "[1.*, )",
        "resolved": "1.2.1",
        "contentHash": "5b9iH0a2Hb72CPaLNWQsFm4XC+DrVxTckgjP4kqIqZPk1KQYz8GT9pM+jPejGfA7rAHjYCHIJU3V9XACqWjuPQ==",
        "dependencies": {
          "PPWCode.Vernacular.Contracts.I": "1.5.0",
          "PPWCode.Vernacular.Exceptions.V": "1.2.0",
          "PPWCode.Vernacular.Semantics.V": "1.1.0"
        }
      },
      "PPWCode.Vernacular.Semantics.V": {
        "type": "CentralTransitive",
        "requested": "[1.*, )",
        "resolved": "1.1.1",
        "contentHash": "1UtMragfh5ctfGHM0widcKsp67CxVT435GRNJTBml6XUsaWt4usaG9PygUX2mqfkv8YQnsNwI19QFAvaDwdr8A==",
        "dependencies": {
          "PPWCode.Vernacular.Contracts.I": "1.5.0",
          "PPWCode.Vernacular.Exceptions.V": "1.2.0"
        }
      }
    }
  }
}